
Microsoft Visual Studio Solution File, Format Version 12.00
# Visual Studio Version 17
VisualStudioVersion = 17.8.34322.80
MinimumVisualStudioVersion = 10.0.40219.1
Project("{FAE04EC0-301F-11D3-BF4B-00C04F79EFBC}") = "Pseudoaleatorios", "Pseudoaleatorios\Pseudoaleatorios.csproj", "{BDE1C0A5-6B65-45C0-BD6A-44A961A11940}"
EndProject
Global
	GlobalSection(SolutionConfigurationPlatforms) = preSolution
		Debug|Any CPU = Debug|Any CPU
		Release|Any CPU = Release|Any CPU
	EndGlobalSection
	GlobalSection(ProjectConfigurationPlatforms) = postSolution
		{BDE1C0A5-6B65-45C0-BD6A-44A961A11940}.Debug|Any CPU.ActiveCfg = Debug|Any CPU
		{BDE1C0A5-6B65-45C0-BD6A-44A961A11940}.Debug|Any CPU.Build.0 = Debug|Any CPU
		{BDE1C0A5-6B65-45C0-BD6A-44A961A11940}.Release|Any CPU.ActiveCfg = Release|Any CPU
		{BDE1C0A5-6B65-45C0-BD6A-44A961A11940}.Release|Any CPU.Build.0 = Release|Any CPU
	EndGlobalSection
	GlobalSection(SolutionProperties) = preSolution
		HideSolutionNode = FALSE
	EndGlobalSection
	GlobalSection(ExtensibilityGlobals) = postSolution
		SolutionGuid = {DBF528ED-5012-46A9-B3D3-CCE3BEEAC3BF}
	EndGlobalSection
EndGlobal
